{
  "object": {
    "pins": [
      {
        "package": "BigInt",
        "repositoryURL": "https://github.com/attaswift/BigInt.git",
        "state": {
          "branch": null,
          "revision": "99c4b9fb0f52dc9182aee106b07c3d205583b98c",
          "version": "5.6.0"
        }
      },
      {
        "package": "Bip39",
        "repositoryURL": "https://github.com/tesseract-one/Bip39.swift.git",
        "state": {
          "branch": null,
          "revision": "bb2b82539d685e1457493b695cdc8e4dcff97c92",
          "version": "0.2.0"
        }
      },
      {
        "package": "swift-collections",
        "repositoryURL": "https://github.com/apple/swift-collections",
        "state": {
          "branch": null,
          "revision": "c1805596154bb3a265fd91b8ac0c4433b4348fb0",
          "version": "1.2.0"
        }
      },
      {
        "package": "UncommonCrypto",
        "repositoryURL": "https://github.com/tesseract-one/UncommonCrypto.swift.git",
        "state": {
          "branch": null,
          "revision": "075344faec47dadba98bef6a319e310c98be0820",
          "version": "0.2.1"
        }
      }
    ]
  },
  "version": 1
}
