{
  "object": {
    "pins": [
      {
        "package": "BigInt",
        "repositoryURL": "https://github.com/attaswift/BigInt.git",
        "state": {
          "branch": null,
          "revision": "99c4b9fb0f52dc9182aee106b07c3d205583b98c",
          "version": "5.6.0"
        }
      },
      {
        "package": "swift-collections",
        "repositoryURL": "https://github.com/apple/swift-collections",
        "state": {
          "branch": null,
          "revision": "c1805596154bb3a265fd91b8ac0c4433b4348fb0",
          "version": "1.2.0"
        }
      }
    ]
  },
  "version": 1
}
